// !$*UTF8*$!
{
	archiveVersion = 1;
	classes = {
	};
	objectVersion = 50;
	objects = {

/* Begin PBXBuildFile section */
		480147BD223B3B900040DBDE /* AppDelegate.m in Sources */ = {isa = PBXBuildFile; fileRef = 480147BC223B3B900040DBDE /* AppDelegate.m */; };
		480147C0223B3B900040DBDE /* ViewController.m in Sources */ = {isa = PBXBuildFile; fileRef = 480147BF223B3B900040DBDE /* ViewController.m */; };
		480147C3223B3B900040DBDE /* Main.storyboard in Resources */ = {isa = PBXBuildFile; fileRef = 480147C1223B3B900040DBDE /* Main.storyboard */; };
		480147C5223B3B910040DBDE /* Assets.xcassets in Resources */ = {isa = PBXBuildFile; fileRef = 480147C4223B3B910040DBDE /* Assets.xcassets */; };
		480147C8223B3B910040DBDE /* LaunchScreen.storyboard in Resources */ = {isa = PBXBuildFile; fileRef = 480147C6223B3B910040DBDE /* LaunchScreen.storyboard */; };
		480147CB223B3B910040DBDE /* main.m in Sources */ = {isa = PBXBuildFile; fileRef = 480147CA223B3B910040DBDE /* main.m */; };
		480147D3223B3D770040DBDE /* DetailViewController.m in Sources */ = {isa = PBXBuildFile; fileRef = 480147D2223B3D770040DBDE /* DetailViewController.m */; };
		480147D6223B3E3B0040DBDE /* TransitionAnimator.m in Sources */ = {isa = PBXBuildFile; fileRef = 480147D5223B3E3B0040DBDE /* TransitionAnimator.m */; };
		480147D9223B72260040DBDE /* PresentDetailViewController.m in Sources */ = {isa = PBXBuildFile; fileRef = 480147D8223B72260040DBDE /* PresentDetailViewController.m */; };
/* End PBXBuildFile section */

/* Begin PBXFileReference section */
		480147B8223B3B900040DBDE /* ControllerTransitionAnimationDemo.app */ = {isa = PBXFileReference; explicitFileType = wrapper.application; includeInIndex = 0; path = ControllerTransitionAnimationDemo.app; sourceTree = BUILT_PRODUCTS_DIR; };
		480147BB223B3B900040DBDE /* AppDelegate.h */ = {isa = PBXFileReference; lastKnownFileType = sourcecode.c.h; path = AppDelegate.h; sourceTree = "<group>"; };
		480147BC223B3B900040DBDE /* AppDelegate.m */ = {isa = PBXFileReference; lastKnownFileType = sourcecode.c.objc; path = AppDelegate.m; sourceTree = "<group>"; };
		480147BE223B3B900040DBDE /* ViewController.h */ = {isa = PBXFileReference; lastKnownFileType = sourcecode.c.h; path = ViewController.h; sourceTree = "<group>"; };
		480147BF223B3B900040DBDE /* ViewController.m */ = {isa = PBXFileReference; lastKnownFileType = sourcecode.c.objc; path = ViewController.m; sourceTree = "<group>"; };
		480147C2223B3B900040DBDE /* Base */ = {isa = PBXFileReference; lastKnownFileType = file.storyboard; name = Base; path = Base.lproj/Main.storyboard; sourceTree = "<group>"; };
		480147C4223B3B910040DBDE /* Assets.xcassets */ = {isa = PBXFileReference; lastKnownFileType = folder.assetcatalog; path = Assets.xcassets; sourceTree = "<group>"; };
		480147C7223B3B910040DBDE /* Base */ = {isa = PBXFileReference; lastKnownFileType = file.storyboard; name = Base; path = Base.lproj/LaunchScreen.storyboard; sourceTree = "<group>"; };
		480147C9223B3B910040DBDE /* Info.plist */ = {isa = PBXFileReference; lastKnownFileType = text.plist.xml; path = Info.plist; sourceTree = "<group>"; };
		480147CA223B3B910040DBDE /* main.m */ = {isa = PBXFileReference; lastKnownFileType = sourcecode.c.objc; path = main.m; sourceTree = "<group>"; };
		480147D1223B3D770040DBDE /* DetailViewController.h */ = {isa = PBXFileReference; lastKnownFileType = sourcecode.c.h; path = DetailViewController.h; sourceTree = "<group>"; };
		480147D2223B3D770040DBDE /* DetailViewController.m */ = {isa = PBXFileReference; lastKnownFileType = sourcecode.c.objc; path = DetailViewController.m; sourceTree = "<group>"; };
		480147D4223B3E3B0040DBDE /* TransitionAnimator.h */ = {isa = PBXFileReference; lastKnownFileType = sourcecode.c.h; path = TransitionAnimator.h; sourceTree = "<group>"; };
		480147D5223B3E3B0040DBDE /* TransitionAnimator.m */ = {isa = PBXFileReference; lastKnownFileType = sourcecode.c.objc; path = TransitionAnimator.m; sourceTree = "<group>"; };
		480147D7223B72260040DBDE /* PresentDetailViewController.h */ = {isa = PBXFileReference; lastKnownFileType = sourcecode.c.h; path = PresentDetailViewController.h; sourceTree = "<group>"; };
		480147D8223B72260040DBDE /* PresentDetailViewController.m */ = {isa = PBXFileReference; lastKnownFileType = sourcecode.c.objc; path = PresentDetailViewController.m; sourceTree = "<group>"; };
/* End PBXFileReference section */

/* Begin PBXFrameworksBuildPhase section */
		480147B5223B3B900040DBDE /* Frameworks */ = {
			isa = PBXFrameworksBuildPhase;
			buildActionMask = 2147483647;
			files = (
			);
			runOnlyForDeploymentPostprocessing = 0;
		};
/* End PBXFrameworksBuildPhase section */

/* Begin PBXGroup section */
		480147AF223B3B900040DBDE = {
			isa = PBXGroup;
			children = (
				480147BA223B3B900040DBDE /* ControllerTransitionAnimationDemo */,
				480147B9223B3B900040DBDE /* Products */,
			);
			sourceTree = "<group>";
		};
		480147B9223B3B900040DBDE /* Products */ = {
			isa = PBXGroup;
			children = (
				480147B8223B3B900040DBDE /* ControllerTransitionAnimationDemo.app */,
			);
			name = Products;
			sourceTree = "<group>";
		};
		480147BA223B3B900040DBDE /* ControllerTransitionAnimationDemo */ = {
			isa = PBXGroup;
			children = (
				480147BB223B3B900040DBDE /* AppDelegate.h */,
				480147BC223B3B900040DBDE /* AppDelegate.m */,
				480147BE223B3B900040DBDE /* ViewController.h */,
				480147BF223B3B900040DBDE /* ViewController.m */,
				480147D4223B3E3B0040DBDE /* TransitionAnimator.h */,
				480147D5223B3E3B0040DBDE /* TransitionAnimator.m */,
				480147D1223B3D770040DBDE /* DetailViewController.h */,
				480147D2223B3D770040DBDE /* DetailViewController.m */,
				480147D7223B72260040DBDE /* PresentDetailViewController.h */,
				480147D8223B72260040DBDE /* PresentDetailViewController.m */,
				480147C1223B3B900040DBDE /* Main.storyboard */,
				480147C4223B3B910040DBDE /* Assets.xcassets */,
				480147C6223B3B910040DBDE /* LaunchScreen.storyboard */,
				480147C9223B3B910040DBDE /* Info.plist */,
				480147CA223B3B910040DBDE /* main.m */,
			);
			path = ControllerTransitionAnimationDemo;
			sourceTree = "<group>";
		};
/* End PBXGroup section */

/* Begin PBXNativeTarget section */
		480147B7223B3B900040DBDE /* ControllerTransitionAnimationDemo */ = {
			isa = PBXNativeTarget;
			buildConfigurationList = 480147CE223B3B910040DBDE /* Build configuration list for PBXNativeTarget "ControllerTransitionAnimationDemo" */;
			buildPhases = (
				480147B4223B3B900040DBDE /* Sources */,
				480147B5223B3B900040DBDE /* Frameworks */,
				480147B6223B3B900040DBDE /* Resources */,
			);
			buildRules = (
			);
			dependencies = (
			);
			name = ControllerTransitionAnimationDemo;
			productName = ControllerTransitionAnimationDemo;
			productReference = 480147B8223B3B900040DBDE /* ControllerTransitionAnimationDemo.app */;
			productType = "com.apple.product-type.application";
		};
/* End PBXNativeTarget section */

/* Begin PBXProject section */
		480147B0223B3B900040DBDE /* Project object */ = {
			isa = PBXProject;
			attributes = {
				LastUpgradeCheck = 1020;
				ORGANIZATIONNAME = wudan;
				TargetAttributes = {
					480147B7223B3B900040DBDE = {
						CreatedOnToolsVersion = 10.2;
					};
				};
			};
			buildConfigurationList = 480147B3223B3B900040DBDE /* Build configuration list for PBXProject "ControllerTransitionAnimationDemo" */;
			compatibilityVersion = "Xcode 9.3";
			developmentRegion = en;
			hasScannedForEncodings = 0;
			knownRegions = (
				en,
				Base,
			);
			mainGroup = 480147AF223B3B900040DBDE;
			productRefGroup = 480147B9223B3B900040DBDE /* Products */;
			projectDirPath = "";
			projectRoot = "";
			targets = (
				480147B7223B3B900040DBDE /* ControllerTransitionAnimationDemo */,
			);
		};
/* End PBXProject section */

/* Begin PBXResourcesBuildPhase section */
		480147B6223B3B900040DBDE /* Resources */ = {
			isa = PBXResourcesBuildPhase;
			buildActionMask = 2147483647;
			files = (
				480147C8223B3B910040DBDE /* LaunchScreen.storyboard in Resources */,
				480147C5223B3B910040DBDE /* Assets.xcassets in Resources */,
				480147C3223B3B900040DBDE /* Main.storyboard in Resources */,
			);
			runOnlyForDeploymentPostprocessing = 0;
		};
/* End PBXResourcesBuildPhase section */

/* Begin PBXSourcesBuildPhase section */
		480147B4223B3B900040DBDE /* Sources */ = {
			isa = PBXSourcesBuildPhase;
			buildActionMask = 2147483647;
			files = (
				480147D6223B3E3B0040DBDE /* TransitionAnimator.m in Sources */,
				480147C0223B3B900040DBDE /* ViewController.m in Sources */,
				480147CB223B3B910040DBDE /* main.m in Sources */,
				480147D9223B72260040DBDE /* PresentDetailViewController.m in Sources */,
				480147BD223B3B900040DBDE /* AppDelegate.m in Sources */,
				480147D3223B3D770040DBDE /* DetailViewController.m in Sources */,
			);
			runOnlyForDeploymentPostprocessing = 0;
		};
/* End PBXSourcesBuildPhase section */

/* Begin PBXVariantGroup section */
		480147C1223B3B900040DBDE /* Main.storyboard */ = {
			isa = PBXVariantGroup;
			children = (
				480147C2223B3B900040DBDE /* Base */,
			);
			name = Main.storyboard;
			sourceTree = "<group>";
		};
		480147C6223B3B910040DBDE /* LaunchScreen.storyboard */ = {
			isa = PBXVariantGroup;
			children = (
				480147C7223B3B910040DBDE /* Base */,
			);
			name = LaunchScreen.storyboard;
			sourceTree = "<group>";
		};
/* End PBXVariantGroup section */

/* Begin XCBuildConfiguration section */
		480147CC223B3B910040DBDE /* Debug */ = {
			isa = XCBuildConfiguration;
			buildSettings = {
				ALWAYS_SEARCH_USER_PATHS = NO;
				CLANG_ANALYZER_NONNULL = YES;
				CLANG_ANALYZER_NUMBER_OBJECT_CONVERSION = YES_AGGRESSIVE;
				CLANG_CXX_LANGUAGE_STANDARD = "gnu++14";
				CLANG_CXX_LIBRARY = "libc++";
				CLANG_ENABLE_MODULES = YES;
				CLANG_ENABLE_OBJC_ARC = YES;
				CLANG_ENABLE_OBJC_WEAK = YES;
				CLANG_WARN_BLOCK_CAPTURE_AUTORELEASING = YES;
				CLANG_WARN_BOOL_CONVERSION = YES;
				CLANG_WARN_COMMA = YES;
				CLANG_WARN_CONSTANT_CONVERSION = YES;
				CLANG_WARN_DEPRECATED_OBJC_IMPLEMENTATIONS = YES;
				CLANG_WARN_DIRECT_OBJC_ISA_USAGE = YES_ERROR;
				CLANG_WARN_DOCUMENTATION_COMMENTS = YES;
				CLANG_WARN_EMPTY_BODY = YES;
				CLANG_WARN_ENUM_CONVERSION = YES;
				CLANG_WARN_INFINITE_RECURSION = YES;
				CLANG_WARN_INT_CONVERSION = YES;
				CLANG_WARN_NON_LITERAL_NULL_CONVERSION = YES;
				CLANG_WARN_OBJC_IMPLICIT_RETAIN_SELF = YES;
				CLANG_WARN_OBJC_LITERAL_CONVERSION = YES;
				CLANG_WARN_OBJC_ROOT_CLASS = YES_ERROR;
				CLANG_WARN_RANGE_LOOP_ANALYSIS = YES;
				CLANG_WARN_STRICT_PROTOTYPES = YES;
				CLANG_WARN_SUSPICIOUS_MOVE = YES;
				CLANG_WARN_UNGUARDED_AVAILABILITY = YES_AGGRESSIVE;
				CLANG_WARN_UNREACHABLE_CODE = YES;
				CLANG_WARN__DUPLICATE_METHOD_MATCH = YES;
				CODE_SIGN_IDENTITY = "iPhone Developer";
				COPY_PHASE_STRIP = NO;
				DEBUG_INFORMATION_FORMAT = dwarf;
				ENABLE_STRICT_OBJC_MSGSEND = YES;
				ENABLE_TESTABILITY = YES;
				GCC_C_LANGUAGE_STANDARD = gnu11;
				GCC_DYNAMIC_NO_PIC = NO;
				GCC_NO_COMMON_BLOCKS = YES;
				GCC_OPTIMIZATION_LEVEL = 0;
				GCC_PREPROCESSOR_DEFINITIONS = (
					"DEBUG=1",
					"$(inherited)",
				);
				GCC_WARN_64_TO_32_BIT_CONVERSION = YES;
				GCC_WARN_ABOUT_RETURN_TYPE = YES_ERROR;
				GCC_WARN_UNDECLARED_SELECTOR = YES;
				GCC_WARN_UNINITIALIZED_AUTOS = YES_AGGRESSIVE;
				GCC_WARN_UNUSED_FUNCTION = YES;
				GCC_WARN_UNUSED_VARIABLE = YES;
				IPHONEOS_DEPLOYMENT_TARGET = 12.2;
				MTL_ENABLE_DEBUG_INFO = INCLUDE_SOURCE;
				MTL_FAST_MATH = YES;
				ONLY_ACTIVE_ARCH = YES;
				SDKROOT = iphoneos;
			};
			name = Debug;
		};
		480147CD223B3B910040DBDE /* Release */ = {
			isa = XCBuildConfiguration;
			buildSettings = {
				ALWAYS_SEARCH_USER_PATHS = NO;
				CLANG_ANALYZER_NONNULL = YES;
				CLANG_ANALYZER_NUMBER_OBJECT_CONVERSION = YES_AGGRESSIVE;
				CLANG_CXX_LANGUAGE_STANDARD = "gnu++14";
				CLANG_CXX_LIBRARY = "libc++";
				CLANG_ENABLE_MODULES = YES;
				CLANG_ENABLE_OBJC_ARC = YES;
				CLANG_ENABLE_OBJC_WEAK = YES;
				CLANG_WARN_BLOCK_CAPTURE_AUTORELEASING = YES;
				CLANG_WARN_BOOL_CONVERSION = YES;
				CLANG_WARN_COMMA = YES;
				CLANG_WARN_CONSTANT_CONVERSION = YES;
				CLANG_WARN_DEPRECATED_OBJC_IMPLEMENTATIONS = YES;
				CLANG_WARN_DIRECT_OBJC_ISA_USAGE = YES_ERROR;
				CLANG_WARN_DOCUMENTATION_COMMENTS = YES;
				CLANG_WARN_EMPTY_BODY = YES;
				CLANG_WARN_ENUM_CONVERSION = YES;
				CLANG_WARN_INFINITE_RECURSION = YES;
				CLANG_WARN_INT_CONVERSION = YES;
				CLANG_WARN_NON_LITERAL_NULL_CONVERSION = YES;
				CLANG_WARN_OBJC_IMPLICIT_RETAIN_SELF = YES;
				CLANG_WARN_OBJC_LITERAL_CONVERSION = YES;
				CLANG_WARN_OBJC_ROOT_CLASS = YES_ERROR;
				CLANG_WARN_RANGE_LOOP_ANALYSIS = YES;
				CLANG_WARN_STRICT_PROTOTYPES = YES;
				CLANG_WARN_SUSPICIOUS_MOVE = YES;
				CLANG_WARN_UNGUARDED_AVAILABILITY = YES_AGGRESSIVE;
				CLANG_WARN_UNREACHABLE_CODE = YES;
				CLANG_WARN__DUPLICATE_METHOD_MATCH = YES;
				CODE_SIGN_IDENTITY = "iPhone Developer";
				COPY_PHASE_STRIP = NO;
				DEBUG_INFORMATION_FORMAT = "dwarf-with-dsym";
				ENABLE_NS_ASSERTIONS = NO;
				ENABLE_STRICT_OBJC_MSGSEND = YES;
				GCC_C_LANGUAGE_STANDARD = gnu11;
				GCC_NO_COMMON_BLOCKS = YES;
				GCC_WARN_64_TO_32_BIT_CONVERSION = YES;
				GCC_WARN_ABOUT_RETURN_TYPE = YES_ERROR;
				GCC_WARN_UNDECLARED_SELECTOR = YES;
				GCC_WARN_UNINITIALIZED_AUTOS = YES_AGGRESSIVE;
				GCC_WARN_UNUSED_FUNCTION = YES;
				GCC_WARN_UNUSED_VARIABLE = YES;
				IPHONEOS_DEPLOYMENT_TARGET = 12.2;
				MTL_ENABLE_DEBUG_INFO = NO;
				MTL_FAST_MATH = YES;
				SDKROOT = iphoneos;
				VALIDATE_PRODUCT = YES;
			};
			name = Release;
		};
		480147CF223B3B910040DBDE /* Debug */ = {
			isa = XCBuildConfiguration;
			buildSettings = {
				ASSETCATALOG_COMPILER_APPICON_NAME = AppIcon;
				CODE_SIGN_STYLE = Automatic;
				DEVELOPMENT_TEAM = 6Z2V56RPD8;
				INFOPLIST_FILE = ControllerTransitionAnimationDemo/Info.plist;
				IPHONEOS_DEPLOYMENT_TARGET = 12.1;
				LD_RUNPATH_SEARCH_PATHS = (
					"$(inherited)",
					"@executable_path/Frameworks",
				);
				PRODUCT_BUNDLE_IDENTIFIER = com.wudan.forever.ControllerTransitionAnimationDemo;
				PRODUCT_NAME = "$(TARGET_NAME)";
				TARGETED_DEVICE_FAMILY = "1,2";
			};
			name = Debug;
		};
		480147D0223B3B910040DBDE /* Release */ = {
			isa = XCBuildConfiguration;
			buildSettings = {
				ASSETCATALOG_COMPILER_APPICON_NAME = AppIcon;
				CODE_SIGN_STYLE = Automatic;
				DEVELOPMENT_TEAM = 6Z2V56RPD8;
				INFOPLIST_FILE = ControllerTransitionAnimationDemo/Info.plist;
				IPHONEOS_DEPLOYMENT_TARGET = 12.1;
				LD_RUNPATH_SEARCH_PATHS = (
					"$(inherited)",
					"@executable_path/Frameworks",
				);
				PRODUCT_BUNDLE_IDENTIFIER = com.wudan.forever.ControllerTransitionAnimationDemo;
				PRODUCT_NAME = "$(TARGET_NAME)";
				TARGETED_DEVICE_FAMILY = "1,2";
			};
			name = Release;
		};
/* End XCBuildConfiguration section */

/* Begin XCConfigurationList section */
		480147B3223B3B900040DBDE /* Build configuration list for PBXProject "ControllerTransitionAnimationDemo" */ = {
			isa = XCConfigurationList;
			buildConfigurations = (
				480147CC223B3B910040DBDE /* Debug */,
				480147CD223B3B910040DBDE /* Release */,
			);
			defaultConfigurationIsVisible = 0;
			defaultConfigurationName = Release;
		};
		480147CE223B3B910040DBDE /* Build configuration list for PBXNativeTarget "ControllerTransitionAnimationDemo" */ = {
			isa = XCConfigurationList;
			buildConfigurations = (
				480147CF223B3B910040DBDE /* Debug */,
				480147D0223B3B910040DBDE /* Release */,
			);
			defaultConfigurationIsVisible = 0;
			defaultConfigurationName = Release;
		};
/* End XCConfigurationList section */
	};
	rootObject = 480147B0223B3B900040DBDE /* Project object */;
}
